// !$*UTF8*$!
{
	archiveVersion = 1;
	classes = {
	};
	objectVersion = 77;
	objects = {

/* Begin PBXBuildFile section */
		19FC4B2532521881A5F7DED4 /* Preview Assets.xcassets in Resources */ = {isa = PBXBuildFile; fileRef = EED6229659EBE2EDF19DE2B3 /* Preview Assets.xcassets */; };
		1CAAB15F25FB8CC5D53E938B /* BakeryView.swift in Sources */ = {isa = PBXBuildFile; fileRef = 0A635DF4525AEF42A6C1A2AD /* BakeryView.swift */; };
		38B628BDF0944D5C54A4B85C /* ContentView.swift in Sources */ = {isa = PBXBuildFile; fileRef = 843335334C39172EF0D6FF4E /* ContentView.swift */; };
		48128776D2A4F00BD14ADF0B /* SoundManager.swift in Sources */ = {isa = PBXBuildFile; fileRef = 580FF83CF61CCFA8EBAA8DB9 /* SoundManager.swift */; };
		587A508E4CD4CA0017AAAEC5 /* IngredientRow.swift in Sources */ = {isa = PBXBuildFile; fileRef = 701B69F27BD4D5FC7CD9F320 /* IngredientRow.swift */; };
		622109C0A789032534245728 /* Models.swift in Sources */ = {isa = PBXBuildFile; fileRef = 4988F6D54CCEE9074EA5E3FB /* Models.swift */; };
		63A6A9059D478664B2A58D30 /* Assets.xcassets in Resources */ = {isa = PBXBuildFile; fileRef = 1DA33F6872458DD24A1B12F6 /* Assets.xcassets */; };
		92A825AED6C40F02A17156A7 /* ModalOverlay.swift in Sources */ = {isa = PBXBuildFile; fileRef = 3B639FB1E4BCC58B5FB9E841 /* ModalOverlay.swift */; };
		A1C2F05F85AE7C8C84171D03 /* TownView.swift in Sources */ = {isa = PBXBuildFile; fileRef = B1381635961A17EB5CBF20F4 /* TownView.swift */; };
		C9765E8FBEF542A6377B5D21 /* GameViewModel.swift in Sources */ = {isa = PBXBuildFile; fileRef = 99008D24993FE805DF186916 /* GameViewModel.swift */; };
		DE1341E2BF2196576C343BFD /* SoundToggleView.swift in Sources */ = {isa = PBXBuildFile; fileRef = 914167D918994F3B69F079C2 /* SoundToggleView.swift */; };
		E06AD564640AAB38957E984A /* MathTownApp.swift in Sources */ = {isa = PBXBuildFile; fileRef = 7FB0D8824689E05D4CF33948 /* MathTownApp.swift */; };
		E61335529D67078B9E20DA32 /* Color+Hex.swift in Sources */ = {isa = PBXBuildFile; fileRef = EB97A16E0CEFAFF4C43BE6B5 /* Color+Hex.swift */; };
/* End PBXBuildFile section */

/* Begin PBXFileReference section */
		0A635DF4525AEF42A6C1A2AD /* BakeryView.swift */ = {isa = PBXFileReference; lastKnownFileType = sourcecode.swift; path = BakeryView.swift; sourceTree = "<group>"; };
		1DA33F6872458DD24A1B12F6 /* Assets.xcassets */ = {isa = PBXFileReference; lastKnownFileType = folder.assetcatalog; path = Assets.xcassets; sourceTree = "<group>"; };
		3B639FB1E4BCC58B5FB9E841 /* ModalOverlay.swift */ = {isa = PBXFileReference; lastKnownFileType = sourcecode.swift; path = ModalOverlay.swift; sourceTree = "<group>"; };
		4988F6D54CCEE9074EA5E3FB /* Models.swift */ = {isa = PBXFileReference; lastKnownFileType = sourcecode.swift; path = Models.swift; sourceTree = "<group>"; };
		580FF83CF61CCFA8EBAA8DB9 /* SoundManager.swift */ = {isa = PBXFileReference; lastKnownFileType = sourcecode.swift; path = SoundManager.swift; sourceTree = "<group>"; };
		701B69F27BD4D5FC7CD9F320 /* IngredientRow.swift */ = {isa = PBXFileReference; lastKnownFileType = sourcecode.swift; path = IngredientRow.swift; sourceTree = "<group>"; };
		7FB0D8824689E05D4CF33948 /* MathTownApp.swift */ = {isa = PBXFileReference; lastKnownFileType = sourcecode.swift; path = MathTownApp.swift; sourceTree = "<group>"; };
		843335334C39172EF0D6FF4E /* ContentView.swift */ = {isa = PBXFileReference; lastKnownFileType = sourcecode.swift; path = ContentView.swift; sourceTree = "<group>"; };
		914167D918994F3B69F079C2 /* SoundToggleView.swift */ = {isa = PBXFileReference; lastKnownFileType = sourcecode.swift; path = SoundToggleView.swift; sourceTree = "<group>"; };
		99008D24993FE805DF186916 /* GameViewModel.swift */ = {isa = PBXFileReference; lastKnownFileType = sourcecode.swift; path = GameViewModel.swift; sourceTree = "<group>"; };
		A8BC489C7B0A6CB96D8AA40E /* Info.plist */ = {isa = PBXFileReference; lastKnownFileType = text.plist; path = Info.plist; sourceTree = "<group>"; };
		B1381635961A17EB5CBF20F4 /* TownView.swift */ = {isa = PBXFileReference; lastKnownFileType = sourcecode.swift; path = TownView.swift; sourceTree = "<group>"; };
		E0C3E24A6074C788FB922F4C /* MathTown.app */ = {isa = PBXFileReference; includeInIndex = 0; lastKnownFileType = wrapper.application; path = MathTown.app; sourceTree = BUILT_PRODUCTS_DIR; };
		EB97A16E0CEFAFF4C43BE6B5 /* Color+Hex.swift */ = {isa = PBXFileReference; lastKnownFileType = sourcecode.swift; path = "Color+Hex.swift"; sourceTree = "<group>"; };
		EED6229659EBE2EDF19DE2B3 /* Preview Assets.xcassets */ = {isa = PBXFileReference; lastKnownFileType = folder.assetcatalog; path = "Preview Assets.xcassets"; sourceTree = "<group>"; };
/* End PBXFileReference section */

/* Begin PBXGroup section */
		085B60CF49E51CF2B644DCB1 /* ViewModels */ = {
			isa = PBXGroup;
			children = (
				99008D24993FE805DF186916 /* GameViewModel.swift */,
			);
			path = ViewModels;
			sourceTree = "<group>";
		};
		1977F810D5B82FBC537E2FFD /* Preview Content */ = {
			isa = PBXGroup;
			children = (
				EED6229659EBE2EDF19DE2B3 /* Preview Assets.xcassets */,
			);
			path = "Preview Content";
			sourceTree = "<group>";
		};
		502C1A2D84E2F624E1BBD4D1 /* Models */ = {
			isa = PBXGroup;
			children = (
				4988F6D54CCEE9074EA5E3FB /* Models.swift */,
			);
			path = Models;
			sourceTree = "<group>";
		};
		708FA741DCFA142C9D809645 /* MathTown */ = {
			isa = PBXGroup;
			children = (
				1DA33F6872458DD24A1B12F6 /* Assets.xcassets */,
				A8BC489C7B0A6CB96D8AA40E /* Info.plist */,
				7FB0D8824689E05D4CF33948 /* MathTownApp.swift */,
				BDB368BEB736BD642F3DC30D /* Extensions */,
				502C1A2D84E2F624E1BBD4D1 /* Models */,
				1977F810D5B82FBC537E2FFD /* Preview Content */,
				EAA5FD47B6AA79DC0DC1A250 /* Services */,
				085B60CF49E51CF2B644DCB1 /* ViewModels */,
				9306D2EE871C47F4178F875F /* Views */,
			);
			path = MathTown;
			sourceTree = "<group>";
		};
		88513DDE6057E5346324406B /* Products */ = {
			isa = PBXGroup;
			children = (
				E0C3E24A6074C788FB922F4C /* MathTown.app */,
			);
			name = Products;
			sourceTree = "<group>";
		};
		9306D2EE871C47F4178F875F /* Views */ = {
			isa = PBXGroup;
			children = (
				0A635DF4525AEF42A6C1A2AD /* BakeryView.swift */,
				843335334C39172EF0D6FF4E /* ContentView.swift */,
				701B69F27BD4D5FC7CD9F320 /* IngredientRow.swift */,
				3B639FB1E4BCC58B5FB9E841 /* ModalOverlay.swift */,
				914167D918994F3B69F079C2 /* SoundToggleView.swift */,
				B1381635961A17EB5CBF20F4 /* TownView.swift */,
			);
			path = Views;
			sourceTree = "<group>";
		};
		9F3898F02727DFBBE99322F2 = {
			isa = PBXGroup;
			children = (
				708FA741DCFA142C9D809645 /* MathTown */,
				88513DDE6057E5346324406B /* Products */,
			);
			sourceTree = "<group>";
		};
		BDB368BEB736BD642F3DC30D /* Extensions */ = {
			isa = PBXGroup;
			children = (
				EB97A16E0CEFAFF4C43BE6B5 /* Color+Hex.swift */,
			);
			path = Extensions;
			sourceTree = "<group>";
		};
		EAA5FD47B6AA79DC0DC1A250 /* Services */ = {
			isa = PBXGroup;
			children = (
				580FF83CF61CCFA8EBAA8DB9 /* SoundManager.swift */,
			);
			path = Services;
			sourceTree = "<group>";
		};
/* End PBXGroup section */

/* Begin PBXNativeTarget section */
		19AC5E6C7DE8D8C13DAA6102 /* MathTown */ = {
			isa = PBXNativeTarget;
			buildConfigurationList = E91469B9CE527FDDB919F8D4 /* Build configuration list for PBXNativeTarget "MathTown" */;
			buildPhases = (
				3D3E6315588A2E4CAAE8E221 /* Sources */,
				E2E3D5CEFDD039587478D5DC /* Resources */,
			);
			buildRules = (
			);
			dependencies = (
			);
			name = MathTown;
			packageProductDependencies = (
			);
			productName = MathTown;
			productReference = E0C3E24A6074C788FB922F4C /* MathTown.app */;
			productType = "com.apple.product-type.application";
		};
/* End PBXNativeTarget section */

/* Begin PBXProject section */
		C2D420F67CD769E0CA687124 /* Project object */ = {
			isa = PBXProject;
			attributes = {
				BuildIndependentTargetsInParallel = YES;
				LastUpgradeCheck = 1430;
				TargetAttributes = {
				};
			};
			buildConfigurationList = AA56CF1926DB3778E5833747 /* Build configuration list for PBXProject "MathTown" */;
			developmentRegion = "zh-Hans";
			hasScannedForEncodings = 0;
			knownRegions = (
				Base,
				"zh-Hans",
			);
			mainGroup = 9F3898F02727DFBBE99322F2;
			minimizedProjectReferenceProxies = 1;
			preferredProjectObjectVersion = 77;
			productRefGroup = 88513DDE6057E5346324406B /* Products */;
			projectDirPath = "";
			projectRoot = "";
			targets = (
				19AC5E6C7DE8D8C13DAA6102 /* MathTown */,
			);
		};
/* End PBXProject section */

/* Begin PBXResourcesBuildPhase section */
		E2E3D5CEFDD039587478D5DC /* Resources */ = {
			isa = PBXResourcesBuildPhase;
			buildActionMask = 2147483647;
			files = (
				63A6A9059D478664B2A58D30 /* Assets.xcassets in Resources */,
				19FC4B2532521881A5F7DED4 /* Preview Assets.xcassets in Resources */,
			);
			runOnlyForDeploymentPostprocessing = 0;
		};
/* End PBXResourcesBuildPhase section */

/* Begin PBXSourcesBuildPhase section */
		3D3E6315588A2E4CAAE8E221 /* Sources */ = {
			isa = PBXSourcesBuildPhase;
			buildActionMask = 2147483647;
			files = (
				1CAAB15F25FB8CC5D53E938B /* BakeryView.swift in Sources */,
				E61335529D67078B9E20DA32 /* Color+Hex.swift in Sources */,
				38B628BDF0944D5C54A4B85C /* ContentView.swift in Sources */,
				C9765E8FBEF542A6377B5D21 /* GameViewModel.swift in Sources */,
				587A508E4CD4CA0017AAAEC5 /* IngredientRow.swift in Sources */,
				E06AD564640AAB38957E984A /* MathTownApp.swift in Sources */,
				92A825AED6C40F02A17156A7 /* ModalOverlay.swift in Sources */,
				622109C0A789032534245728 /* Models.swift in Sources */,
				48128776D2A4F00BD14ADF0B /* SoundManager.swift in Sources */,
				DE1341E2BF2196576C343BFD /* SoundToggleView.swift in Sources */,
				A1C2F05F85AE7C8C84171D03 /* TownView.swift in Sources */,
			);
			runOnlyForDeploymentPostprocessing = 0;
		};
/* End PBXSourcesBuildPhase section */

/* Begin XCBuildConfiguration section */
		6C67912427CEB4BD8E36447C /* Debug */ = {
			isa = XCBuildConfiguration;
			buildSettings = {
				ASSETCATALOG_COMPILER_APPICON_NAME = AppIcon;
				CODE_SIGN_IDENTITY = "iPhone Developer";
				CURRENT_PROJECT_VERSION = 1;
				INFOPLIST_FILE = MathTown/Info.plist;
				LD_RUNPATH_SEARCH_PATHS = (
					"$(inherited)",
					"@executable_path/Frameworks",
				);
				MARKETING_VERSION = 1.0.0;
				PRODUCT_BUNDLE_IDENTIFIER = "com.math-town.mathtown";
				SDKROOT = iphoneos;
				SUPPORTS_INTERFACE_ORIENTATION_LANDSCAPE_LEFT = NO;
				SUPPORTS_INTERFACE_ORIENTATION_LANDSCAPE_RIGHT = NO;
				SUPPORTS_INTERFACE_ORIENTATION_PORTRAIT = YES;
				SWIFT_VERSION = 5.8;
				TARGETED_DEVICE_FAMILY = "1,2";
			};
			name = Debug;
		};
		7FFCE681E3F77A7CC3134642 /* Debug */ = {
			isa = XCBuildConfiguration;
			buildSettings = {
				ALWAYS_SEARCH_USER_PATHS = NO;
				CLANG_ANALYZER_NONNULL = YES;
				CLANG_ANALYZER_NUMBER_OBJECT_CONVERSION = YES_AGGRESSIVE;
				CLANG_CXX_LANGUAGE_STANDARD = "gnu++14";
				CLANG_CXX_LIBRARY = "libc++";
				CLANG_ENABLE_MODULES = YES;
				CLANG_ENABLE_OBJC_ARC = YES;
				CLANG_ENABLE_OBJC_WEAK = YES;
				CLANG_WARN_BLOCK_CAPTURE_AUTORELEASING = YES;
				CLANG_WARN_BOOL_CONVERSION = YES;
				CLANG_WARN_COMMA = YES;
				CLANG_WARN_CONSTANT_CONVERSION = YES;
				CLANG_WARN_DEPRECATED_OBJC_IMPLEMENTATIONS = YES;
				CLANG_WARN_DIRECT_OBJC_ISA_USAGE = YES_ERROR;
				CLANG_WARN_DOCUMENTATION_COMMENTS = YES;
				CLANG_WARN_EMPTY_BODY = YES;
				CLANG_WARN_ENUM_CONVERSION = YES;
				CLANG_WARN_INFINITE_RECURSION = YES;
				CLANG_WARN_INT_CONVERSION = YES;
				CLANG_WARN_NON_LITERAL_NULL_CONVERSION = YES;
				CLANG_WARN_OBJC_IMPLICIT_RETAIN_SELF = YES;
				CLANG_WARN_OBJC_LITERAL_CONVERSION = YES;
				CLANG_WARN_OBJC_ROOT_CLASS = YES_ERROR;
				CLANG_WARN_QUOTED_INCLUDE_IN_FRAMEWORK_HEADER = YES;
				CLANG_WARN_RANGE_LOOP_ANALYSIS = YES;
				CLANG_WARN_STRICT_PROTOTYPES = YES;
				CLANG_WARN_SUSPICIOUS_MOVE = YES;
				CLANG_WARN_UNGUARDED_AVAILABILITY = YES_AGGRESSIVE;
				CLANG_WARN_UNREACHABLE_CODE = YES;
				CLANG_WARN__DUPLICATE_METHOD_MATCH = YES;
				COPY_PHASE_STRIP = NO;
				DEBUG_INFORMATION_FORMAT = dwarf;
				ENABLE_STRICT_OBJC_MSGSEND = YES;
				ENABLE_TESTABILITY = YES;
				GCC_C_LANGUAGE_STANDARD = gnu11;
				GCC_DYNAMIC_NO_PIC = NO;
				GCC_NO_COMMON_BLOCKS = YES;
				GCC_OPTIMIZATION_LEVEL = 0;
				GCC_PREPROCESSOR_DEFINITIONS = (
					"$(inherited)",
					"DEBUG=1",
				);
				GCC_WARN_64_TO_32_BIT_CONVERSION = YES;
				GCC_WARN_ABOUT_RETURN_TYPE = YES_ERROR;
				GCC_WARN_UNDECLARED_SELECTOR = YES;
				GCC_WARN_UNINITIALIZED_AUTOS = YES_AGGRESSIVE;
				GCC_WARN_UNUSED_FUNCTION = YES;
				GCC_WARN_UNUSED_VARIABLE = YES;
				IPHONEOS_DEPLOYMENT_TARGET = 16.0;
				MTL_ENABLE_DEBUG_INFO = INCLUDE_SOURCE;
				MTL_FAST_MATH = YES;
				ONLY_ACTIVE_ARCH = YES;
				PRODUCT_NAME = "$(TARGET_NAME)";
				SDKROOT = iphoneos;
				SWIFT_ACTIVE_COMPILATION_CONDITIONS = DEBUG;
				SWIFT_OPTIMIZATION_LEVEL = "-Onone";
				SWIFT_VERSION = 5.0;
			};
			name = Debug;
		};
		AEB5831BC9F7E49F17D8B6A9 /* Release */ = {
			isa = XCBuildConfiguration;
			buildSettings = {
				ALWAYS_SEARCH_USER_PATHS = NO;
				CLANG_ANALYZER_NONNULL = YES;
				CLANG_ANALYZER_NUMBER_OBJECT_CONVERSION = YES_AGGRESSIVE;
				CLANG_CXX_LANGUAGE_STANDARD = "gnu++14";
				CLANG_CXX_LIBRARY = "libc++";
				CLANG_ENABLE_MODULES = YES;
				CLANG_ENABLE_OBJC_ARC = YES;
				CLANG_ENABLE_OBJC_WEAK = YES;
				CLANG_WARN_BLOCK_CAPTURE_AUTORELEASING = YES;
				CLANG_WARN_BOOL_CONVERSION = YES;
				CLANG_WARN_COMMA = YES;
				CLANG_WARN_CONSTANT_CONVERSION = YES;
				CLANG_WARN_DEPRECATED_OBJC_IMPLEMENTATIONS = YES;
				CLANG_WARN_DIRECT_OBJC_ISA_USAGE = YES_ERROR;
				CLANG_WARN_DOCUMENTATION_COMMENTS = YES;
				CLANG_WARN_EMPTY_BODY = YES;
				CLANG_WARN_ENUM_CONVERSION = YES;
				CLANG_WARN_INFINITE_RECURSION = YES;
				CLANG_WARN_INT_CONVERSION = YES;
				CLANG_WARN_NON_LITERAL_NULL_CONVERSION = YES;
				CLANG_WARN_OBJC_IMPLICIT_RETAIN_SELF = YES;
				CLANG_WARN_OBJC_LITERAL_CONVERSION = YES;
				CLANG_WARN_OBJC_ROOT_CLASS = YES_ERROR;
				CLANG_WARN_QUOTED_INCLUDE_IN_FRAMEWORK_HEADER = YES;
				CLANG_WARN_RANGE_LOOP_ANALYSIS = YES;
				CLANG_WARN_STRICT_PROTOTYPES = YES;
				CLANG_WARN_SUSPICIOUS_MOVE = YES;
				CLANG_WARN_UNGUARDED_AVAILABILITY = YES_AGGRESSIVE;
				CLANG_WARN_UNREACHABLE_CODE = YES;
				CLANG_WARN__DUPLICATE_METHOD_MATCH = YES;
				COPY_PHASE_STRIP = NO;
				DEBUG_INFORMATION_FORMAT = "dwarf-with-dsym";
				ENABLE_NS_ASSERTIONS = NO;
				ENABLE_STRICT_OBJC_MSGSEND = YES;
				GCC_C_LANGUAGE_STANDARD = gnu11;
				GCC_NO_COMMON_BLOCKS = YES;
				GCC_WARN_64_TO_32_BIT_CONVERSION = YES;
				GCC_WARN_ABOUT_RETURN_TYPE = YES_ERROR;
				GCC_WARN_UNDECLARED_SELECTOR = YES;
				GCC_WARN_UNINITIALIZED_AUTOS = YES_AGGRESSIVE;
				GCC_WARN_UNUSED_FUNCTION = YES;
				GCC_WARN_UNUSED_VARIABLE = YES;
				IPHONEOS_DEPLOYMENT_TARGET = 16.0;
				MTL_ENABLE_DEBUG_INFO = NO;
				MTL_FAST_MATH = YES;
				PRODUCT_NAME = "$(TARGET_NAME)";
				SDKROOT = iphoneos;
				SWIFT_COMPILATION_MODE = wholemodule;
				SWIFT_OPTIMIZATION_LEVEL = "-O";
				SWIFT_VERSION = 5.0;
			};
			name = Release;
		};
		F9C09F4318F502E2CC570E84 /* Release */ = {
			isa = XCBuildConfiguration;
			buildSettings = {
				ASSETCATALOG_COMPILER_APPICON_NAME = AppIcon;
				CODE_SIGN_IDENTITY = "iPhone Developer";
				CURRENT_PROJECT_VERSION = 1;
				INFOPLIST_FILE = MathTown/Info.plist;
				LD_RUNPATH_SEARCH_PATHS = (
					"$(inherited)",
					"@executable_path/Frameworks",
				);
				MARKETING_VERSION = 1.0.0;
				PRODUCT_BUNDLE_IDENTIFIER = "com.math-town.mathtown";
				SDKROOT = iphoneos;
				SUPPORTS_INTERFACE_ORIENTATION_LANDSCAPE_LEFT = NO;
				SUPPORTS_INTERFACE_ORIENTATION_LANDSCAPE_RIGHT = NO;
				SUPPORTS_INTERFACE_ORIENTATION_PORTRAIT = YES;
				SWIFT_VERSION = 5.8;
				TARGETED_DEVICE_FAMILY = "1,2";
			};
			name = Release;
		};
/* End XCBuildConfiguration section */

/* Begin XCConfigurationList section */
		AA56CF1926DB3778E5833747 /* Build configuration list for PBXProject "MathTown" */ = {
			isa = XCConfigurationList;
			buildConfigurations = (
				7FFCE681E3F77A7CC3134642 /* Debug */,
				AEB5831BC9F7E49F17D8B6A9 /* Release */,
			);
			defaultConfigurationIsVisible = 0;
			defaultConfigurationName = Debug;
		};
		E91469B9CE527FDDB919F8D4 /* Build configuration list for PBXNativeTarget "MathTown" */ = {
			isa = XCConfigurationList;
			buildConfigurations = (
				6C67912427CEB4BD8E36447C /* Debug */,
				F9C09F4318F502E2CC570E84 /* Release */,
			);
			defaultConfigurationIsVisible = 0;
			defaultConfigurationName = Debug;
		};
/* End XCConfigurationList section */
	};
	rootObject = C2D420F67CD769E0CA687124 /* Project object */;
}
